// !$*UTF8*$!
{
	archiveVersion = 1;
	classes = {
	};
	objectVersion = 50;
	objects = {

/* Begin PBXBuildFile section */
		BB51804B2348F9AC00D530AF /* AppDelegate.swift in Sources */ = {isa = PBXBuildFile; fileRef = BB51804A2348F9AC00D530AF /* AppDelegate.swift */; };
		BB51804D2348F9AC00D530AF /* SceneDelegate.swift in Sources */ = {isa = PBXBuildFile; fileRef = BB51804C2348F9AC00D530AF /* SceneDelegate.swift */; };
		BB51804F2348F9AC00D530AF /* ContentView.swift in Sources */ = {isa = PBXBuildFile; fileRef = BB51804E2348F9AC00D530AF /* ContentView.swift */; };
		BB5180512348F9B400D530AF /* Assets.xcassets in Resources */ = {isa = PBXBuildFile; fileRef = BB5180502348F9B400D530AF /* Assets.xcassets */; };
		BB5180542348F9B400D530AF /* Preview Assets.xcassets in Resources */ = {isa = PBXBuildFile; fileRef = BB5180532348F9B400D530AF /* Preview Assets.xcassets */; };
		BB5180572348F9B400D530AF /* LaunchScreen.storyboard in Resources */ = {isa = PBXBuildFile; fileRef = BB5180552348F9B400D530AF /* LaunchScreen.storyboard */; };
/* End PBXBuildFile section */

/* Begin PBXFileReference section */
		BB5180472348F9AC00D530AF /* SwiftUI_MVVM.app */ = {isa = PBXFileReference; explicitFileType = wrapper.application; includeInIndex = 0; path = SwiftUI_MVVM.app; sourceTree = BUILT_PRODUCTS_DIR; };
		BB51804A2348F9AC00D530AF /* AppDelegate.swift */ = {isa = PBXFileReference; lastKnownFileType = sourcecode.swift; path = AppDelegate.swift; sourceTree = "<group>"; };
		BB51804C2348F9AC00D530AF /* SceneDelegate.swift */ = {isa = PBXFileReference; lastKnownFileType = sourcecode.swift; path = SceneDelegate.swift; sourceTree = "<group>"; };
		BB51804E2348F9AC00D530AF /* ContentView.swift */ = {isa = PBXFileReference; lastKnownFileType = sourcecode.swift; path = ContentView.swift; sourceTree = "<group>"; };
		BB5180502348F9B400D530AF /* Assets.xcassets */ = {isa = PBXFileReference; lastKnownFileType = folder.assetcatalog; path = Assets.xcassets; sourceTree = "<group>"; };
		BB5180532348F9B400D530AF /* Preview Assets.xcassets */ = {isa = PBXFileReference; lastKnownFileType = folder.assetcatalog; path = "Preview Assets.xcassets"; sourceTree = "<group>"; };
		BB5180562348F9B400D530AF /* Base */ = {isa = PBXFileReference; lastKnownFileType = file.storyboard; name = Base; path = Base.lproj/LaunchScreen.storyboard; sourceTree = "<group>"; };
		BB5180582348F9B400D530AF /* Info.plist */ = {isa = PBXFileReference; lastKnownFileType = text.plist.xml; path = Info.plist; sourceTree = "<group>"; };
/* End PBXFileReference section */

/* Begin PBXFrameworksBuildPhase section */
		BB5180442348F9AC00D530AF /* Frameworks */ = {
			isa = PBXFrameworksBuildPhase;
			buildActionMask = 2147483647;
			files = (
			);
			runOnlyForDeploymentPostprocessing = 0;
		};
/* End PBXFrameworksBuildPhase section */

/* Begin PBXGroup section */
		BB51803E2348F9AC00D530AF = {
			isa = PBXGroup;
			children = (
				BB5180492348F9AC00D530AF /* SwiftUI_MVVM */,
				BB5180482348F9AC00D530AF /* Products */,
			);
			sourceTree = "<group>";
		};
		BB5180482348F9AC00D530AF /* Products */ = {
			isa = PBXGroup;
			children = (
				BB5180472348F9AC00D530AF /* SwiftUI_MVVM.app */,
			);
			name = Products;
			sourceTree = "<group>";
		};
		BB5180492348F9AC00D530AF /* SwiftUI_MVVM */ = {
			isa = PBXGroup;
			children = (
				BB51804A2348F9AC00D530AF /* AppDelegate.swift */,
				BB51804C2348F9AC00D530AF /* SceneDelegate.swift */,
				BB51804E2348F9AC00D530AF /* ContentView.swift */,
				BB5180502348F9B400D530AF /* Assets.xcassets */,
				BB5180552348F9B400D530AF /* LaunchScreen.storyboard */,
				BB5180582348F9B400D530AF /* Info.plist */,
				BB5180522348F9B400D530AF /* Preview Content */,
			);
			path = SwiftUI_MVVM;
			sourceTree = "<group>";
		};
		BB5180522348F9B400D530AF /* Preview Content */ = {
			isa = PBXGroup;
			children = (
				BB5180532348F9B400D530AF /* Preview Assets.xcassets */,
			);
			path = "Preview Content";
			sourceTree = "<group>";
		};
/* End PBXGroup section */

/* Begin PBXNativeTarget section */
		BB5180462348F9AC00D530AF /* SwiftUI_MVVM */ = {
			isa = PBXNativeTarget;
			buildConfigurationList = BB51805B2348F9B400D530AF /* Build configuration list for PBXNativeTarget "SwiftUI_MVVM" */;
			buildPhases = (
				BB5180432348F9AC00D530AF /* Sources */,
				BB5180442348F9AC00D530AF /* Frameworks */,
				BB5180452348F9AC00D530AF /* Resources */,
			);
			buildRules = (
			);
			dependencies = (
			);
			name = SwiftUI_MVVM;
			productName = SwiftUI_MVVM;
			productReference = BB5180472348F9AC00D530AF /* SwiftUI_MVVM.app */;
			productType = "com.apple.product-type.application";
		};
/* End PBXNativeTarget section */

/* Begin PBXProject section */
		BB51803F2348F9AC00D530AF /* Project object */ = {
			isa = PBXProject;
			attributes = {
				LastSwiftUpdateCheck = 1100;
				LastUpgradeCheck = 1100;
				ORGANIZATIONNAME = awa;
				TargetAttributes = {
					BB5180462348F9AC00D530AF = {
						CreatedOnToolsVersion = 11.0;
					};
				};
			};
			buildConfigurationList = BB5180422348F9AC00D530AF /* Build configuration list for PBXProject "SwiftUI_MVVM" */;
			compatibilityVersion = "Xcode 9.3";
			developmentRegion = en;
			hasScannedForEncodings = 0;
			knownRegions = (
				en,
				Base,
			);
			mainGroup = BB51803E2348F9AC00D530AF;
			productRefGroup = BB5180482348F9AC00D530AF /* Products */;
			projectDirPath = "";
			projectRoot = "";
			targets = (
				BB5180462348F9AC00D530AF /* SwiftUI_MVVM */,
			);
		};
/* End PBXProject section */

/* Begin PBXResourcesBuildPhase section */
		BB5180452348F9AC00D530AF /* Resources */ = {
			isa = PBXResourcesBuildPhase;
			buildActionMask = 2147483647;
			files = (
				BB5180572348F9B400D530AF /* LaunchScreen.storyboard in Resources */,
				BB5180542348F9B400D530AF /* Preview Assets.xcassets in Resources */,
				BB5180512348F9B400D530AF /* Assets.xcassets in Resources */,
			);
			runOnlyForDeploymentPostprocessing = 0;
		};
/* End PBXResourcesBuildPhase section */

/* Begin PBXSourcesBuildPhase section */
		BB5180432348F9AC00D530AF /* Sources */ = {
			isa = PBXSourcesBuildPhase;
			buildActionMask = 2147483647;
			files = (
				BB51804B2348F9AC00D530AF /* AppDelegate.swift in Sources */,
				BB51804D2348F9AC00D530AF /* SceneDelegate.swift in Sources */,
				BB51804F2348F9AC00D530AF /* ContentView.swift in Sources */,
			);
			runOnlyForDeploymentPostprocessing = 0;
		};
/* End PBXSourcesBuildPhase section */

/* Begin PBXVariantGroup section */
		BB5180552348F9B400D530AF /* LaunchScreen.storyboard */ = {
			isa = PBXVariantGroup;
			children = (
				BB5180562348F9B400D530AF /* Base */,
			);
			name = LaunchScreen.storyboard;
			sourceTree = "<group>";
		};
/* End PBXVariantGroup section */

/* Begin XCBuildConfiguration section */
		BB5180592348F9B400D530AF /* Debug */ = {
			isa = XCBuildConfiguration;
			buildSettings = {
				ALWAYS_SEARCH_USER_PATHS = NO;
				CLANG_ANALYZER_NONNULL = YES;
				CLANG_ANALYZER_NUMBER_OBJECT_CONVERSION = YES_AGGRESSIVE;
				CLANG_CXX_LANGUAGE_STANDARD = "gnu++14";
				CLANG_CXX_LIBRARY = "libc++";
				CLANG_ENABLE_MODULES = YES;
				CLANG_ENABLE_OBJC_ARC = YES;
				CLANG_ENABLE_OBJC_WEAK = YES;
				CLANG_WARN_BLOCK_CAPTURE_AUTORELEASING = YES;
				CLANG_WARN_BOOL_CONVERSION = YES;
				CLANG_WARN_COMMA = YES;
				CLANG_WARN_CONSTANT_CONVERSION = YES;
				CLANG_WARN_DEPRECATED_OBJC_IMPLEMENTATIONS = YES;
				CLANG_WARN_DIRECT_OBJC_ISA_USAGE = YES_ERROR;
				CLANG_WARN_DOCUMENTATION_COMMENTS = YES;
				CLANG_WARN_EMPTY_BODY = YES;
				CLANG_WARN_ENUM_CONVERSION = YES;
				CLANG_WARN_INFINITE_RECURSION = YES;
				CLANG_WARN_INT_CONVERSION = YES;
				CLANG_WARN_NON_LITERAL_NULL_CONVERSION = YES;
				CLANG_WARN_OBJC_IMPLICIT_RETAIN_SELF = YES;
				CLANG_WARN_OBJC_LITERAL_CONVERSION = YES;
				CLANG_WARN_OBJC_ROOT_CLASS = YES_ERROR;
				CLANG_WARN_RANGE_LOOP_ANALYSIS = YES;
				CLANG_WARN_STRICT_PROTOTYPES = YES;
				CLANG_WARN_SUSPICIOUS_MOVE = YES;
				CLANG_WARN_UNGUARDED_AVAILABILITY = YES_AGGRESSIVE;
				CLANG_WARN_UNREACHABLE_CODE = YES;
				CLANG_WARN__DUPLICATE_METHOD_MATCH = YES;
				COPY_PHASE_STRIP = NO;
				DEBUG_INFORMATION_FORMAT = dwarf;
				ENABLE_STRICT_OBJC_MSGSEND = YES;
				ENABLE_TESTABILITY = YES;
				GCC_C_LANGUAGE_STANDARD = gnu11;
				GCC_DYNAMIC_NO_PIC = NO;
				GCC_NO_COMMON_BLOCKS = YES;
				GCC_OPTIMIZATION_LEVEL = 0;
				GCC_PREPROCESSOR_DEFINITIONS = (
					"DEBUG=1",
					"$(inherited)",
				);
				GCC_WARN_64_TO_32_BIT_CONVERSION = YES;
				GCC_WARN_ABOUT_RETURN_TYPE = YES_ERROR;
				GCC_WARN_UNDECLARED_SELECTOR = YES;
				GCC_WARN_UNINITIALIZED_AUTOS = YES_AGGRESSIVE;
				GCC_WARN_UNUSED_FUNCTION = YES;
				GCC_WARN_UNUSED_VARIABLE = YES;
				IPHONEOS_DEPLOYMENT_TARGET = 13.0;
				MTL_ENABLE_DEBUG_INFO = INCLUDE_SOURCE;
				MTL_FAST_MATH = YES;
				ONLY_ACTIVE_ARCH = YES;
				SDKROOT = iphoneos;
				SWIFT_ACTIVE_COMPILATION_CONDITIONS = DEBUG;
				SWIFT_OPTIMIZATION_LEVEL = "-Onone";
			};
			name = Debug;
		};
		BB51805A2348F9B400D530AF /* Release */ = {
			isa = XCBuildConfiguration;
			buildSettings = {
				ALWAYS_SEARCH_USER_PATHS = NO;
				CLANG_ANALYZER_NONNULL = YES;
				CLANG_ANALYZER_NUMBER_OBJECT_CONVERSION = YES_AGGRESSIVE;
				CLANG_CXX_LANGUAGE_STANDARD = "gnu++14";
				CLANG_CXX_LIBRARY = "libc++";
				CLANG_ENABLE_MODULES = YES;
				CLANG_ENABLE_OBJC_ARC = YES;
				CLANG_ENABLE_OBJC_WEAK = YES;
				CLANG_WARN_BLOCK_CAPTURE_AUTORELEASING = YES;
				CLANG_WARN_BOOL_CONVERSION = YES;
				CLANG_WARN_COMMA = YES;
				CLANG_WARN_CONSTANT_CONVERSION = YES;
				CLANG_WARN_DEPRECATED_OBJC_IMPLEMENTATIONS = YES;
				CLANG_WARN_DIRECT_OBJC_ISA_USAGE = YES_ERROR;
				CLANG_WARN_DOCUMENTATION_COMMENTS = YES;
				CLANG_WARN_EMPTY_BODY = YES;
				CLANG_WARN_ENUM_CONVERSION = YES;
				CLANG_WARN_INFINITE_RECURSION = YES;
				CLANG_WARN_INT_CONVERSION = YES;
				CLANG_WARN_NON_LITERAL_NULL_CONVERSION = YES;
				CLANG_WARN_OBJC_IMPLICIT_RETAIN_SELF = YES;
				CLANG_WARN_OBJC_LITERAL_CONVERSION = YES;
				CLANG_WARN_OBJC_ROOT_CLASS = YES_ERROR;
				CLANG_WARN_RANGE_LOOP_ANALYSIS = YES;
				CLANG_WARN_STRICT_PROTOTYPES = YES;
				CLANG_WARN_SUSPICIOUS_MOVE = YES;
				CLANG_WARN_UNGUARDED_AVAILABILITY = YES_AGGRESSIVE;
				CLANG_WARN_UNREACHABLE_CODE = YES;
				CLANG_WARN__DUPLICATE_METHOD_MATCH = YES;
				COPY_PHASE_STRIP = NO;
				DEBUG_INFORMATION_FORMAT = "dwarf-with-dsym";
				ENABLE_NS_ASSERTIONS = NO;
				ENABLE_STRICT_OBJC_MSGSEND = YES;
				GCC_C_LANGUAGE_STANDARD = gnu11;
				GCC_NO_COMMON_BLOCKS = YES;
				GCC_WARN_64_TO_32_BIT_CONVERSION = YES;
				GCC_WARN_ABOUT_RETURN_TYPE = YES_ERROR;
				GCC_WARN_UNDECLARED_SELECTOR = YES;
				GCC_WARN_UNINITIALIZED_AUTOS = YES_AGGRESSIVE;
				GCC_WARN_UNUSED_FUNCTION = YES;
				GCC_WARN_UNUSED_VARIABLE = YES;
				IPHONEOS_DEPLOYMENT_TARGET = 13.0;
				MTL_ENABLE_DEBUG_INFO = NO;
				MTL_FAST_MATH = YES;
				SDKROOT = iphoneos;
				SWIFT_COMPILATION_MODE = wholemodule;
				SWIFT_OPTIMIZATION_LEVEL = "-O";
				VALIDATE_PRODUCT = YES;
			};
			name = Release;
		};
		BB51805C2348F9B400D530AF /* Debug */ = {
			isa = XCBuildConfiguration;
			buildSettings = {
				ASSETCATALOG_COMPILER_APPICON_NAME = AppIcon;
				CODE_SIGN_STYLE = Automatic;
				DEVELOPMENT_ASSET_PATHS = "\"SwiftUI_MVVM/Preview Content\"";
				DEVELOPMENT_TEAM = JWM47XD3XT;
				ENABLE_PREVIEWS = YES;
				INFOPLIST_FILE = SwiftUI_MVVM/Info.plist;
				LD_RUNPATH_SEARCH_PATHS = (
					"$(inherited)",
					"@executable_path/Frameworks",
				);
				PRODUCT_BUNDLE_IDENTIFIER = "com.awa.SwiftUI-MVVM";
				PRODUCT_NAME = "$(TARGET_NAME)";
				SWIFT_VERSION = 5.0;
				TARGETED_DEVICE_FAMILY = "1,2";
			};
			name = Debug;
		};
		BB51805D2348F9B400D530AF /* Release */ = {
			isa = XCBuildConfiguration;
			buildSettings = {
				ASSETCATALOG_COMPILER_APPICON_NAME = AppIcon;
				CODE_SIGN_STYLE = Automatic;
				DEVELOPMENT_ASSET_PATHS = "\"SwiftUI_MVVM/Preview Content\"";
				DEVELOPMENT_TEAM = JWM47XD3XT;
				ENABLE_PREVIEWS = YES;
				INFOPLIST_FILE = SwiftUI_MVVM/Info.plist;
				LD_RUNPATH_SEARCH_PATHS = (
					"$(inherited)",
					"@executable_path/Frameworks",
				);
				PRODUCT_BUNDLE_IDENTIFIER = "com.awa.SwiftUI-MVVM";
				PRODUCT_NAME = "$(TARGET_NAME)";
				SWIFT_VERSION = 5.0;
				TARGETED_DEVICE_FAMILY = "1,2";
			};
			name = Release;
		};
/* End XCBuildConfiguration section */

/* Begin XCConfigurationList section */
		BB5180422348F9AC00D530AF /* Build configuration list for PBXProject "SwiftUI_MVVM" */ = {
			isa = XCConfigurationList;
			buildConfigurations = (
				BB5180592348F9B400D530AF /* Debug */,
				BB51805A2348F9B400D530AF /* Release */,
			);
			defaultConfigurationIsVisible = 0;
			defaultConfigurationName = Release;
		};
		BB51805B2348F9B400D530AF /* Build configuration list for PBXNativeTarget "SwiftUI_MVVM" */ = {
			isa = XCConfigurationList;
			buildConfigurations = (
				BB51805C2348F9B400D530AF /* Debug */,
				BB51805D2348F9B400D530AF /* Release */,
			);
			defaultConfigurationIsVisible = 0;
			defaultConfigurationName = Release;
		};
/* End XCConfigurationList section */
	};
	rootObject = BB51803F2348F9AC00D530AF /* Project object */;
}
